
Microsoft Visual Studio Solution File, Format Version 12.00
# Visual Studio Version 16
VisualStudioVersion = 16.0.31911.196
MinimumVisualStudioVersion = 10.0.40219.1
Project("{FAE04EC0-301F-11D3-BF4B-00C04F79EFBC}") = "TechSupport", "TechSupport\TechSupport.csproj", "{68BF9E63-AB4D-4347-8064-4F9EFC64E9FC}"
EndProject
Global
	GlobalSection(SolutionConfigurationPlatforms) = preSolution
		Debug|Any CPU = Debug|Any CPU
		Release|Any CPU = Release|Any CPU
	EndGlobalSection
	GlobalSection(ProjectConfigurationPlatforms) = postSolution
		{68BF9E63-AB4D-4347-8064-4F9EFC64E9FC}.Debug|Any CPU.ActiveCfg = Debug|Any CPU
		{68BF9E63-AB4D-4347-8064-4F9EFC64E9FC}.Debug|Any CPU.Build.0 = Debug|Any CPU
		{68BF9E63-AB4D-4347-8064-4F9EFC64E9FC}.Release|Any CPU.ActiveCfg = Release|Any CPU
		{68BF9E63-AB4D-4347-8064-4F9EFC64E9FC}.Release|Any CPU.Build.0 = Release|Any CPU
	EndGlobalSection
	GlobalSection(SolutionProperties) = preSolution
		HideSolutionNode = FALSE
	EndGlobalSection
	GlobalSection(ExtensibilityGlobals) = postSolution
		SolutionGuid = {A2B05C8B-45A0-4FFA-9EC3-4B7A0F6F8A76}
	EndGlobalSection
EndGlobal
